<?xml version="1.0" encoding="utf-8"?>
<Project ToolsVersion="4.0" xmlns="http://schemas.microsoft.com/developer/msbuild/2003">
  <ItemGroup>
    <ClCompile Include="pointer_edge.cpp" />
    <ClCompile Include="graph.cpp" />
    <ClCompile Include="pointer_graph.cpp" />
    <ClCompile Include="pointer_node.cpp" />
    <ClCompile Include="stdafx.cpp" />
  </ItemGroup>
  <ItemGroup>
    <ClInclude Include="AdjacencyListGraph.h" />
    <ClInclude Include="ancestor_tree.h" />
    <ClInclude Include="binary_tree.h" />
    <ClInclude Include="linked_list.h" />
    <ClInclude Include="pointer_edge.h" />
    <ClInclude Include="graph.h" />
    <ClInclude Include="pointer_graph.h" />
    <ClInclude Include="pointer_node.h" />
    <ClInclude Include="stdafx.h" />
    <ClInclude Include="targetver.h" />
  </ItemGroup>
  <ItemGroup>
    <Text Include="ReadMe.txt" />
  </ItemGroup>
</Project>